# This file is autogenerated, do not edit; changes may be undone by the next 'dep ensure'.


[[projects]]
  digest = "1:9642c35dd8d4b8981d58327a917f178898baf9b331373748dd50439aec5c2628"
  name = "github.com/karlseguin/ccache"
  packages = ["."]
  pruneopts = "UT"
  revision = "ec06cd93a07565b373789b0078ba88fe697fddd9"
  version = "v2.0.3"

[solve-meta]
  analyzer-name = "dep"
  analyzer-version = 1
  input-imports = ["github.com/karlseguin/ccache"]
  solver-name = "gps-cdcl"
  solver-version = 1
